
Microsoft Visual Studio Solution File, Format Version 12.00
# Visual Studio Version 17
VisualStudioVersion = 17.9.34714.143
MinimumVisualStudioVersion = 10.0.40219.1
Project("{FAE04EC0-301F-11D3-BF4B-00C04F79EFBC}") = "Example1", "Lab05\Example1.csproj", "{F7D769AA-1BBE-448F-A5E2-705B95A137FE}"
EndProject
Project("{FAE04EC0-301F-11D3-BF4B-00C04F79EFBC}") = "Example2", "Example2\Example2.csproj", "{71959298-C540-4CB2-B853-8419D7B34813}"
EndProject
Project("{FAE04EC0-301F-11D3-BF4B-00C04F79EFBC}") = "Example3", "Example3\Example3.csproj", "{2E2B99A5-23B1-4416-8D7C-917CF0B21444}"
EndProject
Project("{FAE04EC0-301F-11D3-BF4B-00C04F79EFBC}") = "Lab5_V7", "Lab5_V7\Lab5_V7.csproj", "{9F74DAF3-3BB0-41B6-A872-B7B6A054F3FA}"
EndProject
Global
	GlobalSection(SolutionConfigurationPlatforms) = preSolution
		Debug|Any CPU = Debug|Any CPU
		Release|Any CPU = Release|Any CPU
	EndGlobalSection
	GlobalSection(ProjectConfigurationPlatforms) = postSolution
		{F7D769AA-1BBE-448F-A5E2-705B95A137FE}.Debug|Any CPU.ActiveCfg = Debug|Any CPU
		{F7D769AA-1BBE-448F-A5E2-705B95A137FE}.Debug|Any CPU.Build.0 = Debug|Any CPU
		{F7D769AA-1BBE-448F-A5E2-705B95A137FE}.Release|Any CPU.ActiveCfg = Release|Any CPU
		{F7D769AA-1BBE-448F-A5E2-705B95A137FE}.Release|Any CPU.Build.0 = Release|Any CPU
		{71959298-C540-4CB2-B853-8419D7B34813}.Debug|Any CPU.ActiveCfg = Debug|Any CPU
		{71959298-C540-4CB2-B853-8419D7B34813}.Debug|Any CPU.Build.0 = Debug|Any CPU
		{71959298-C540-4CB2-B853-8419D7B34813}.Release|Any CPU.ActiveCfg = Release|Any CPU
		{71959298-C540-4CB2-B853-8419D7B34813}.Release|Any CPU.Build.0 = Release|Any CPU
		{2E2B99A5-23B1-4416-8D7C-917CF0B21444}.Debug|Any CPU.ActiveCfg = Debug|Any CPU
		{2E2B99A5-23B1-4416-8D7C-917CF0B21444}.Debug|Any CPU.Build.0 = Debug|Any CPU
		{2E2B99A5-23B1-4416-8D7C-917CF0B21444}.Release|Any CPU.ActiveCfg = Release|Any CPU
		{2E2B99A5-23B1-4416-8D7C-917CF0B21444}.Release|Any CPU.Build.0 = Release|Any CPU
		{9F74DAF3-3BB0-41B6-A872-B7B6A054F3FA}.Debug|Any CPU.ActiveCfg = Debug|Any CPU
		{9F74DAF3-3BB0-41B6-A872-B7B6A054F3FA}.Debug|Any CPU.Build.0 = Debug|Any CPU
		{9F74DAF3-3BB0-41B6-A872-B7B6A054F3FA}.Release|Any CPU.ActiveCfg = Release|Any CPU
		{9F74DAF3-3BB0-41B6-A872-B7B6A054F3FA}.Release|Any CPU.Build.0 = Release|Any CPU
	EndGlobalSection
	GlobalSection(SolutionProperties) = preSolution
		HideSolutionNode = FALSE
	EndGlobalSection
	GlobalSection(ExtensibilityGlobals) = postSolution
		SolutionGuid = {0334EB8B-0D1C-4DBB-BCF3-BD12B841FBAB}
	EndGlobalSection
EndGlobal
